lockfileVersion: '9.0'

settings:
  autoInstallPeers: true
  excludeLinksFromLockfile: false

importers:

  .:
    dependencies:
      smol-toml:
        specifier: 1.8.0
        version: 1.8.0

packages:

  smol-toml@1.8.0:
    resolution: {integrity: sha512-kCZr2V3ch9i00x8zXRhjUNVcjG9ijES5dDudkXvUVCT5QlJNQWElSJdZqyPemffHoLNUYwOcou0Fy+ojN0uHSQ==}
    engines: {node: '>= 18'}

snapshots:

  smol-toml@1.8.0: {}
